
Microsoft Visual Studio Solution File, Format Version 12.00
# Visual Studio 14
VisualStudioVersion = 14.0.25420.1
MinimumVisualStudioVersion = 10.0.40219.1
Project("{8BC9CEB8-8B4A-11D0-8D11-00A0C91BC942}") = "UWPOpenIGTLink", "UWPOpenIGTLink\UWPOpenIGTLink.vcxproj", "{341616A4-CFC4-47CF-87E3-58D619B8475A}"
EndProject
Project("{8BC9CEB8-8B4A-11D0-8D11-00A0C91BC942}") = "UWPOpenIGTLinkUI", "UWPOpenIGTLinkUI\UWPOpenIGTLinkUI.vcxproj", "{2A288B83-D03C-4E41-8179-C26070140D10}"
EndProject
Project("{8BC9CEB8-8B4A-11D0-8D11-00A0C91BC942}") = "OpenIGTLink", "OpenIGTLink-bin\Source\OpenIGTLink.vcxproj", "{E0278545-EA8F-3605-A88B-B88ED0EC6D36}"
EndProject
Project("{8BC9CEB8-8B4A-11D0-8D11-00A0C91BC942}") = "igtlutil", "OpenIGTLink-bin\Source\igtlutil\igtlutil.vcxproj", "{7E5CAF6E-075A-3B7E-8E21-AAC14425B98D}"
EndProject
Global
	GlobalSection(SolutionConfigurationPlatforms) = preSolution
		Debug|x86 = Debug|x86
		MinSizeRel|x86 = MinSizeRel|x86
		Release|x86 = Release|x86
		RelWithDebInfo|x86 = RelWithDebInfo|x86
	EndGlobalSection
	GlobalSection(ProjectConfigurationPlatforms) = postSolution
		{341616A4-CFC4-47CF-87E3-58D619B8475A}.Debug|x86.ActiveCfg = Debug|Win32
		{341616A4-CFC4-47CF-87E3-58D619B8475A}.Debug|x86.Build.0 = Debug|Win32
		{341616A4-CFC4-47CF-87E3-58D619B8475A}.MinSizeRel|x86.ActiveCfg = Release|Win32
		{341616A4-CFC4-47CF-87E3-58D619B8475A}.MinSizeRel|x86.Build.0 = Release|Win32
		{341616A4-CFC4-47CF-87E3-58D619B8475A}.Release|x86.ActiveCfg = Release|Win32
		{341616A4-CFC4-47CF-87E3-58D619B8475A}.Release|x86.Build.0 = Release|Win32
		{341616A4-CFC4-47CF-87E3-58D619B8475A}.RelWithDebInfo|x86.ActiveCfg = Release|Win32
		{341616A4-CFC4-47CF-87E3-58D619B8475A}.RelWithDebInfo|x86.Build.0 = Release|Win32
		{2A288B83-D03C-4E41-8179-C26070140D10}.Debug|x86.ActiveCfg = Debug|Win32
		{2A288B83-D03C-4E41-8179-C26070140D10}.Debug|x86.Build.0 = Debug|Win32
		{2A288B83-D03C-4E41-8179-C26070140D10}.Debug|x86.Deploy.0 = Debug|Win32
		{2A288B83-D03C-4E41-8179-C26070140D10}.MinSizeRel|x86.ActiveCfg = Release|Win32
		{2A288B83-D03C-4E41-8179-C26070140D10}.MinSizeRel|x86.Build.0 = Release|Win32
		{2A288B83-D03C-4E41-8179-C26070140D10}.MinSizeRel|x86.Deploy.0 = Release|Win32
		{2A288B83-D03C-4E41-8179-C26070140D10}.Release|x86.ActiveCfg = Release|Win32
		{2A288B83-D03C-4E41-8179-C26070140D10}.Release|x86.Build.0 = Release|Win32
		{2A288B83-D03C-4E41-8179-C26070140D10}.Release|x86.Deploy.0 = Release|Win32
		{2A288B83-D03C-4E41-8179-C26070140D10}.RelWithDebInfo|x86.ActiveCfg = Release|Win32
		{2A288B83-D03C-4E41-8179-C26070140D10}.RelWithDebInfo|x86.Build.0 = Release|Win32
		{2A288B83-D03C-4E41-8179-C26070140D10}.RelWithDebInfo|x86.Deploy.0 = Release|Win32
		{E0278545-EA8F-3605-A88B-B88ED0EC6D36}.Debug|x86.ActiveCfg = Debug|Win32
		{E0278545-EA8F-3605-A88B-B88ED0EC6D36}.Debug|x86.Build.0 = Debug|Win32
		{E0278545-EA8F-3605-A88B-B88ED0EC6D36}.MinSizeRel|x86.ActiveCfg = MinSizeRel|Win32
		{E0278545-EA8F-3605-A88B-B88ED0EC6D36}.MinSizeRel|x86.Build.0 = MinSizeRel|Win32
		{E0278545-EA8F-3605-A88B-B88ED0EC6D36}.Release|x86.ActiveCfg = Release|Win32
		{E0278545-EA8F-3605-A88B-B88ED0EC6D36}.Release|x86.Build.0 = Release|Win32
		{E0278545-EA8F-3605-A88B-B88ED0EC6D36}.RelWithDebInfo|x86.ActiveCfg = RelWithDebInfo|Win32
		{E0278545-EA8F-3605-A88B-B88ED0EC6D36}.RelWithDebInfo|x86.Build.0 = RelWithDebInfo|Win32
		{7E5CAF6E-075A-3B7E-8E21-AAC14425B98D}.Debug|x86.ActiveCfg = Debug|Win32
		{7E5CAF6E-075A-3B7E-8E21-AAC14425B98D}.Debug|x86.Build.0 = Debug|Win32
		{7E5CAF6E-075A-3B7E-8E21-AAC14425B98D}.MinSizeRel|x86.ActiveCfg = MinSizeRel|Win32
		{7E5CAF6E-075A-3B7E-8E21-AAC14425B98D}.MinSizeRel|x86.Build.0 = MinSizeRel|Win32
		{7E5CAF6E-075A-3B7E-8E21-AAC14425B98D}.Release|x86.ActiveCfg = Release|Win32
		{7E5CAF6E-075A-3B7E-8E21-AAC14425B98D}.Release|x86.Build.0 = Release|Win32
		{7E5CAF6E-075A-3B7E-8E21-AAC14425B98D}.RelWithDebInfo|x86.ActiveCfg = RelWithDebInfo|Win32
		{7E5CAF6E-075A-3B7E-8E21-AAC14425B98D}.RelWithDebInfo|x86.Build.0 = RelWithDebInfo|Win32
	EndGlobalSection
	GlobalSection(SolutionProperties) = preSolution
		HideSolutionNode = FALSE
	EndGlobalSection
EndGlobal
