
Microsoft Visual Studio Solution File, Format Version 12.00
# Visual Studio 14
VisualStudioVersion = 14.0.25420.1
MinimumVisualStudioVersion = 10.0.40219.1
Project("{8BC9CEB8-8B4A-11D0-8D11-00A0C91BC942}") = "UWPOpenIGTLink", "UWPOpenIGTLink\UWPOpenIGTLink.vcxproj", "{341616A4-CFC4-47CF-87E3-58D619B8475A}"
EndProject
Project("{8BC9CEB8-8B4A-11D0-8D11-00A0C91BC942}") = "UWPOpenIGTLinkUI", "UWPOpenIGTLinkUI\UWPOpenIGTLinkUI.vcxproj", "{2A288B83-D03C-4E41-8179-C26070140D10}"
EndProject
Project("{8BC9CEB8-8B4A-11D0-8D11-00A0C91BC942}") = "igtlutil", "OpenIGTLink-bin\Source\igtlutil\igtlutil.vcxproj", "{3F41E8DC-61D4-3037-92E6-F20D2F356C6D}"
EndProject
Project("{8BC9CEB8-8B4A-11D0-8D11-00A0C91BC942}") = "OpenIGTLink", "OpenIGTLink-bin\Source\OpenIGTLink.vcxproj", "{93CF8484-732B-35AC-BB0A-120252B10222}"
EndProject
Global
	GlobalSection(SolutionConfigurationPlatforms) = preSolution
		Debug|x86 = Debug|x86
		MinSizeRel|x86 = MinSizeRel|x86
		Release|x86 = Release|x86
		RelWithDebInfo|x86 = RelWithDebInfo|x86
	EndGlobalSection
	GlobalSection(ProjectConfigurationPlatforms) = postSolution
		{341616A4-CFC4-47CF-87E3-58D619B8475A}.Debug|x86.ActiveCfg = Debug|Win32
		{341616A4-CFC4-47CF-87E3-58D619B8475A}.Debug|x86.Build.0 = Debug|Win32
		{341616A4-CFC4-47CF-87E3-58D619B8475A}.MinSizeRel|x86.ActiveCfg = Release|Win32
		{341616A4-CFC4-47CF-87E3-58D619B8475A}.MinSizeRel|x86.Build.0 = Release|Win32
		{341616A4-CFC4-47CF-87E3-58D619B8475A}.Release|x86.ActiveCfg = Release|Win32
		{341616A4-CFC4-47CF-87E3-58D619B8475A}.Release|x86.Build.0 = Release|Win32
		{341616A4-CFC4-47CF-87E3-58D619B8475A}.RelWithDebInfo|x86.ActiveCfg = Release|Win32
		{341616A4-CFC4-47CF-87E3-58D619B8475A}.RelWithDebInfo|x86.Build.0 = Release|Win32
		{2A288B83-D03C-4E41-8179-C26070140D10}.Debug|x86.ActiveCfg = Debug|Win32
		{2A288B83-D03C-4E41-8179-C26070140D10}.Debug|x86.Build.0 = Debug|Win32
		{2A288B83-D03C-4E41-8179-C26070140D10}.Debug|x86.Deploy.0 = Debug|Win32
		{2A288B83-D03C-4E41-8179-C26070140D10}.MinSizeRel|x86.ActiveCfg = Release|Win32
		{2A288B83-D03C-4E41-8179-C26070140D10}.MinSizeRel|x86.Build.0 = Release|Win32
		{2A288B83-D03C-4E41-8179-C26070140D10}.MinSizeRel|x86.Deploy.0 = Release|Win32
		{2A288B83-D03C-4E41-8179-C26070140D10}.Release|x86.ActiveCfg = Release|Win32
		{2A288B83-D03C-4E41-8179-C26070140D10}.Release|x86.Build.0 = Release|Win32
		{2A288B83-D03C-4E41-8179-C26070140D10}.Release|x86.Deploy.0 = Release|Win32
		{2A288B83-D03C-4E41-8179-C26070140D10}.RelWithDebInfo|x86.ActiveCfg = Release|Win32
		{2A288B83-D03C-4E41-8179-C26070140D10}.RelWithDebInfo|x86.Build.0 = Release|Win32
		{2A288B83-D03C-4E41-8179-C26070140D10}.RelWithDebInfo|x86.Deploy.0 = Release|Win32
		{3F41E8DC-61D4-3037-92E6-F20D2F356C6D}.Debug|x86.ActiveCfg = Debug|Win32
		{3F41E8DC-61D4-3037-92E6-F20D2F356C6D}.Debug|x86.Build.0 = Debug|Win32
		{3F41E8DC-61D4-3037-92E6-F20D2F356C6D}.MinSizeRel|x86.ActiveCfg = MinSizeRel|Win32
		{3F41E8DC-61D4-3037-92E6-F20D2F356C6D}.MinSizeRel|x86.Build.0 = MinSizeRel|Win32
		{3F41E8DC-61D4-3037-92E6-F20D2F356C6D}.Release|x86.ActiveCfg = Release|Win32
		{3F41E8DC-61D4-3037-92E6-F20D2F356C6D}.Release|x86.Build.0 = Release|Win32
		{3F41E8DC-61D4-3037-92E6-F20D2F356C6D}.RelWithDebInfo|x86.ActiveCfg = RelWithDebInfo|Win32
		{3F41E8DC-61D4-3037-92E6-F20D2F356C6D}.RelWithDebInfo|x86.Build.0 = RelWithDebInfo|Win32
		{93CF8484-732B-35AC-BB0A-120252B10222}.Debug|x86.ActiveCfg = Debug|Win32
		{93CF8484-732B-35AC-BB0A-120252B10222}.Debug|x86.Build.0 = Debug|Win32
		{93CF8484-732B-35AC-BB0A-120252B10222}.MinSizeRel|x86.ActiveCfg = MinSizeRel|Win32
		{93CF8484-732B-35AC-BB0A-120252B10222}.MinSizeRel|x86.Build.0 = MinSizeRel|Win32
		{93CF8484-732B-35AC-BB0A-120252B10222}.Release|x86.ActiveCfg = Release|Win32
		{93CF8484-732B-35AC-BB0A-120252B10222}.Release|x86.Build.0 = Release|Win32
		{93CF8484-732B-35AC-BB0A-120252B10222}.RelWithDebInfo|x86.ActiveCfg = RelWithDebInfo|Win32
		{93CF8484-732B-35AC-BB0A-120252B10222}.RelWithDebInfo|x86.Build.0 = RelWithDebInfo|Win32
	EndGlobalSection
	GlobalSection(SolutionProperties) = preSolution
		HideSolutionNode = FALSE
	EndGlobalSection
EndGlobal
