
Microsoft Visual Studio Solution File, Format Version 12.00
# Visual Studio 14
VisualStudioVersion = 14.0.25420.1
MinimumVisualStudioVersion = 10.0.40219.1
Project("{8BC9CEB8-8B4A-11D0-8D11-00A0C91BC942}") = "UWPOpenIGTLink", "UWPOpenIGTLink\UWPOpenIGTLink.vcxproj", "{341616A4-CFC4-47CF-87E3-58D619B8475A}"
EndProject
Project("{8BC9CEB8-8B4A-11D0-8D11-00A0C91BC942}") = "UWPOpenIGTLinkUI", "UWPOpenIGTLinkUI\UWPOpenIGTLinkUI.vcxproj", "{2A288B83-D03C-4E41-8179-C26070140D10}"
EndProject
Project("{8BC9CEB8-8B4A-11D0-8D11-00A0C91BC942}") = "OpenIGTLink", "OpenIGTLink-bin\Source\OpenIGTLink.vcxproj", "{AA6C9F4A-6043-3371-A4B2-A2F555291111}"
EndProject
Project("{8BC9CEB8-8B4A-11D0-8D11-00A0C91BC942}") = "igtlutil", "OpenIGTLink-bin\Source\igtlutil\igtlutil.vcxproj", "{D5403A06-1733-3FEC-9A7F-A4FE008FEE9D}"
EndProject
Global
	GlobalSection(SolutionConfigurationPlatforms) = preSolution
		Debug|x86 = Debug|x86
		MinSizeRel|x86 = MinSizeRel|x86
		Release|x86 = Release|x86
		RelWithDebInfo|x86 = RelWithDebInfo|x86
	EndGlobalSection
	GlobalSection(ProjectConfigurationPlatforms) = postSolution
		{341616A4-CFC4-47CF-87E3-58D619B8475A}.Debug|x86.ActiveCfg = Debug|Win32
		{341616A4-CFC4-47CF-87E3-58D619B8475A}.Debug|x86.Build.0 = Debug|Win32
		{341616A4-CFC4-47CF-87E3-58D619B8475A}.MinSizeRel|x86.ActiveCfg = Release|Win32
		{341616A4-CFC4-47CF-87E3-58D619B8475A}.MinSizeRel|x86.Build.0 = Release|Win32
		{341616A4-CFC4-47CF-87E3-58D619B8475A}.Release|x86.ActiveCfg = Release|Win32
		{341616A4-CFC4-47CF-87E3-58D619B8475A}.Release|x86.Build.0 = Release|Win32
		{341616A4-CFC4-47CF-87E3-58D619B8475A}.RelWithDebInfo|x86.ActiveCfg = Release|Win32
		{341616A4-CFC4-47CF-87E3-58D619B8475A}.RelWithDebInfo|x86.Build.0 = Release|Win32
		{2A288B83-D03C-4E41-8179-C26070140D10}.Debug|x86.ActiveCfg = Debug|Win32
		{2A288B83-D03C-4E41-8179-C26070140D10}.Debug|x86.Build.0 = Debug|Win32
		{2A288B83-D03C-4E41-8179-C26070140D10}.Debug|x86.Deploy.0 = Debug|Win32
		{2A288B83-D03C-4E41-8179-C26070140D10}.MinSizeRel|x86.ActiveCfg = Release|Win32
		{2A288B83-D03C-4E41-8179-C26070140D10}.MinSizeRel|x86.Build.0 = Release|Win32
		{2A288B83-D03C-4E41-8179-C26070140D10}.MinSizeRel|x86.Deploy.0 = Release|Win32
		{2A288B83-D03C-4E41-8179-C26070140D10}.Release|x86.ActiveCfg = Release|Win32
		{2A288B83-D03C-4E41-8179-C26070140D10}.Release|x86.Build.0 = Release|Win32
		{2A288B83-D03C-4E41-8179-C26070140D10}.Release|x86.Deploy.0 = Release|Win32
		{2A288B83-D03C-4E41-8179-C26070140D10}.RelWithDebInfo|x86.ActiveCfg = Release|Win32
		{2A288B83-D03C-4E41-8179-C26070140D10}.RelWithDebInfo|x86.Build.0 = Release|Win32
		{2A288B83-D03C-4E41-8179-C26070140D10}.RelWithDebInfo|x86.Deploy.0 = Release|Win32
		{AA6C9F4A-6043-3371-A4B2-A2F555291111}.Debug|x86.ActiveCfg = Debug|Win32
		{AA6C9F4A-6043-3371-A4B2-A2F555291111}.Debug|x86.Build.0 = Debug|Win32
		{AA6C9F4A-6043-3371-A4B2-A2F555291111}.MinSizeRel|x86.ActiveCfg = MinSizeRel|Win32
		{AA6C9F4A-6043-3371-A4B2-A2F555291111}.MinSizeRel|x86.Build.0 = MinSizeRel|Win32
		{AA6C9F4A-6043-3371-A4B2-A2F555291111}.Release|x86.ActiveCfg = Release|Win32
		{AA6C9F4A-6043-3371-A4B2-A2F555291111}.Release|x86.Build.0 = Release|Win32
		{AA6C9F4A-6043-3371-A4B2-A2F555291111}.RelWithDebInfo|x86.ActiveCfg = RelWithDebInfo|Win32
		{AA6C9F4A-6043-3371-A4B2-A2F555291111}.RelWithDebInfo|x86.Build.0 = RelWithDebInfo|Win32
		{D5403A06-1733-3FEC-9A7F-A4FE008FEE9D}.Debug|x86.ActiveCfg = Debug|Win32
		{D5403A06-1733-3FEC-9A7F-A4FE008FEE9D}.Debug|x86.Build.0 = Debug|Win32
		{D5403A06-1733-3FEC-9A7F-A4FE008FEE9D}.MinSizeRel|x86.ActiveCfg = MinSizeRel|Win32
		{D5403A06-1733-3FEC-9A7F-A4FE008FEE9D}.MinSizeRel|x86.Build.0 = MinSizeRel|Win32
		{D5403A06-1733-3FEC-9A7F-A4FE008FEE9D}.Release|x86.ActiveCfg = Release|Win32
		{D5403A06-1733-3FEC-9A7F-A4FE008FEE9D}.Release|x86.Build.0 = Release|Win32
		{D5403A06-1733-3FEC-9A7F-A4FE008FEE9D}.RelWithDebInfo|x86.ActiveCfg = RelWithDebInfo|Win32
		{D5403A06-1733-3FEC-9A7F-A4FE008FEE9D}.RelWithDebInfo|x86.Build.0 = RelWithDebInfo|Win32
	EndGlobalSection
	GlobalSection(SolutionProperties) = preSolution
		HideSolutionNode = FALSE
	EndGlobalSection
EndGlobal
