<?xml version="1.0" encoding="utf-8"?>
<Project ToolsVersion="4.0" xmlns="http://schemas.microsoft.com/developer/msbuild/2003">
  <ItemGroup>
    <ClCompile Include="IGTLinkClient.cxx" />
    <ClCompile Include="TrackedFrameMessage.cxx" />
    <ClCompile Include="CommandReply.cpp">
      <Filter>ReplyTypes</Filter>
    </ClCompile>
    <ClCompile Include="TrackedFrameReply.cpp">
      <Filter>ReplyTypes</Filter>
    </ClCompile>
  </ItemGroup>
  <ItemGroup>
    <ClInclude Include="IGTLinkClient.h" />
    <ClInclude Include="TrackedFrameMessage.h" />
    <ClInclude Include="CommandReply.h">
      <Filter>ReplyTypes</Filter>
    </ClInclude>
    <ClInclude Include="TrackedFrameReply.h">
      <Filter>ReplyTypes</Filter>
    </ClInclude>
  </ItemGroup>
  <ItemGroup>
    <Filter Include="ReplyTypes">
      <UniqueIdentifier>{950e7940-31b4-4210-8cfa-2e43a097c386}</UniqueIdentifier>
    </Filter>
  </ItemGroup>
</Project>