<?xml version="1.0" encoding="utf-8"?>
<Project ToolsVersion="4.0" xmlns="http://schemas.microsoft.com/developer/msbuild/2003">
  <ItemGroup>
    <ClCompile Include="Content\Data\Command.cpp">
      <Filter>Data</Filter>
    </ClCompile>
    <ClCompile Include="Content\Data\TrackedFrame.cpp">
      <Filter>Data</Filter>
    </ClCompile>
    <ClCompile Include="pch.cpp">
      <Filter>Infrastructure</Filter>
    </ClCompile>
    <ClCompile Include="Content\TransformName.cxx">
      <Filter>Common</Filter>
    </ClCompile>
    <ClCompile Include="Content\TransformRepository.cxx">
      <Filter>Common</Filter>
    </ClCompile>
    <ClCompile Include="Content\TrackedFrameMessage.cxx">
      <Filter>Network</Filter>
    </ClCompile>
    <ClCompile Include="Content\TimestampedCircularBuffer.cxx">
      <Filter>Common</Filter>
    </ClCompile>
    <ClCompile Include="Content\StreamBufferItem.cxx">
      <Filter>Common</Filter>
    </ClCompile>
    <ClCompile Include="Content\VideoFrame.cxx">
      <Filter>Common</Filter>
    </ClCompile>
    <ClCompile Include="IGTCommon.cxx">
      <Filter>Common</Filter>
    </ClCompile>
    <ClCompile Include="Content\Buffer.cxx">
      <Filter>Common</Filter>
    </ClCompile>
    <ClCompile Include="Content\Image.cxx">
      <Filter>Common</Filter>
    </ClCompile>
    <ClCompile Include="Content\Transform.cxx">
      <Filter>Common</Filter>
    </ClCompile>
    <ClCompile Include="Content\IGTClient.cxx">
      <Filter>Network</Filter>
    </ClCompile>
    <ClCompile Include="Content\Data\Polydata.cpp">
      <Filter>Data</Filter>
    </ClCompile>
  </ItemGroup>
  <ItemGroup>
    <ClInclude Include="Content\Data\TrackedFrame.h">
      <Filter>Data</Filter>
    </ClInclude>
    <ClInclude Include="Content\Data\Command.h">
      <Filter>Data</Filter>
    </ClInclude>
    <ClInclude Include="pch.h">
      <Filter>Infrastructure</Filter>
    </ClInclude>
    <ClInclude Include="Content\TransformRepository.h">
      <Filter>Common</Filter>
    </ClInclude>
    <ClInclude Include="Content\TransformName.h">
      <Filter>Common</Filter>
    </ClInclude>
    <ClInclude Include="IGTCommon.h">
      <Filter>Common</Filter>
    </ClInclude>
    <ClInclude Include="Content\TrackedFrameMessage.h">
      <Filter>Network</Filter>
    </ClInclude>
    <ClInclude Include="Content\TimestampedCircularBuffer.h">
      <Filter>Common</Filter>
    </ClInclude>
    <ClInclude Include="Content\StreamBufferItem.h">
      <Filter>Common</Filter>
    </ClInclude>
    <ClInclude Include="Content\VideoFrame.h">
      <Filter>Common</Filter>
    </ClInclude>
    <ClInclude Include="Content\Image.h">
      <Filter>Common</Filter>
    </ClInclude>
    <ClInclude Include="Content\Buffer.h">
      <Filter>Common</Filter>
    </ClInclude>
    <ClInclude Include="Content\Transform.h">
      <Filter>Common</Filter>
    </ClInclude>
    <ClInclude Include="Content\IGTClient.h">
      <Filter>Network</Filter>
    </ClInclude>
    <ClInclude Include="Content\Data\Polydata.h">
      <Filter>Data</Filter>
    </ClInclude>
  </ItemGroup>
  <ItemGroup>
    <Filter Include="Data">
      <UniqueIdentifier>{141f4055-e93e-463a-a3c3-2632a9af616a}</UniqueIdentifier>
    </Filter>
    <Filter Include="Infrastructure">
      <UniqueIdentifier>{2734ad40-2987-4275-b5dd-1e81ed9e6575}</UniqueIdentifier>
    </Filter>
    <Filter Include="Common">
      <UniqueIdentifier>{d6071071-c02d-4c67-8418-9a48cf59a8fd}</UniqueIdentifier>
    </Filter>
    <Filter Include="Network">
      <UniqueIdentifier>{734df184-3d93-4ffe-a129-5f5e6c06a465}</UniqueIdentifier>
    </Filter>
  </ItemGroup>
  <ItemGroup>
    <None Include="Content\IGTClient.txx">
      <Filter>Network</Filter>
    </None>
    <None Include="packages.config" />
  </ItemGroup>
</Project>